// !$*UTF8*$!
{
	archiveVersion = 1;
	classes = {
	};
	objectVersion = 48;
	objects = {

/* Begin PBXBuildFile section */
		2EAEDCB120CDDF5700065FDF /* fristViewController.swift in Sources */ = {isa = PBXBuildFile; fileRef = 2EAEDCB020CDDF5700065FDF /* fristViewController.swift */; };
		2EFFCFD320CC67E2002BBB38 /* AppDelegate.swift in Sources */ = {isa = PBXBuildFile; fileRef = 2EFFCFD220CC67E2002BBB38 /* AppDelegate.swift */; };
		2EFFCFD820CC67E2002BBB38 /* Main.storyboard in Resources */ = {isa = PBXBuildFile; fileRef = 2EFFCFD620CC67E2002BBB38 /* Main.storyboard */; };
		2EFFCFDA20CC67E2002BBB38 /* Assets.xcassets in Resources */ = {isa = PBXBuildFile; fileRef = 2EFFCFD920CC67E2002BBB38 /* Assets.xcassets */; };
		2EFFCFDD20CC67E2002BBB38 /* LaunchScreen.storyboard in Resources */ = {isa = PBXBuildFile; fileRef = 2EFFCFDB20CC67E2002BBB38 /* LaunchScreen.storyboard */; };
/* End PBXBuildFile section */

/* Begin PBXFileReference section */
		2EAEDCB020CDDF5700065FDF /* fristViewController.swift */ = {isa = PBXFileReference; lastKnownFileType = sourcecode.swift; path = fristViewController.swift; sourceTree = "<group>"; };
		2EFFCFCF20CC67E2002BBB38 /* fashionApp.app */ = {isa = PBXFileReference; explicitFileType = wrapper.application; includeInIndex = 0; path = fashionApp.app; sourceTree = BUILT_PRODUCTS_DIR; };
		2EFFCFD220CC67E2002BBB38 /* AppDelegate.swift */ = {isa = PBXFileReference; lastKnownFileType = sourcecode.swift; path = AppDelegate.swift; sourceTree = "<group>"; };
		2EFFCFD720CC67E2002BBB38 /* Base */ = {isa = PBXFileReference; lastKnownFileType = file.storyboard; name = Base; path = Base.lproj/Main.storyboard; sourceTree = "<group>"; };
		2EFFCFD920CC67E2002BBB38 /* Assets.xcassets */ = {isa = PBXFileReference; lastKnownFileType = folder.assetcatalog; path = Assets.xcassets; sourceTree = "<group>"; };
		2EFFCFDC20CC67E2002BBB38 /* Base */ = {isa = PBXFileReference; lastKnownFileType = file.storyboard; name = Base; path = Base.lproj/LaunchScreen.storyboard; sourceTree = "<group>"; };
		2EFFCFDE20CC67E2002BBB38 /* Info.plist */ = {isa = PBXFileReference; lastKnownFileType = text.plist.xml; path = Info.plist; sourceTree = "<group>"; };
/* End PBXFileReference section */

/* Begin PBXFrameworksBuildPhase section */
		2EFFCFCC20CC67E2002BBB38 /* Frameworks */ = {
			isa = PBXFrameworksBuildPhase;
			buildActionMask = 2147483647;
			files = (
			);
			runOnlyForDeploymentPostprocessing = 0;
		};
/* End PBXFrameworksBuildPhase section */

/* Begin PBXGroup section */
		2EAEDCB220CEF4F900065FDF /* frist */ = {
			isa = PBXGroup;
			children = (
				2EAEDCB020CDDF5700065FDF /* fristViewController.swift */,
			);
			path = frist;
			sourceTree = "<group>";
		};
		2EAEDCB320CEF50F00065FDF /* New Group */ = {
			isa = PBXGroup;
			children = (
			);
			path = "New Group";
			sourceTree = "<group>";
		};
		2EFFCFC620CC67E2002BBB38 = {
			isa = PBXGroup;
			children = (
				2EFFCFD120CC67E2002BBB38 /* fashionApp */,
				2EFFCFD020CC67E2002BBB38 /* Products */,
			);
			sourceTree = "<group>";
		};
		2EFFCFD020CC67E2002BBB38 /* Products */ = {
			isa = PBXGroup;
			children = (
				2EFFCFCF20CC67E2002BBB38 /* fashionApp.app */,
			);
			name = Products;
			sourceTree = "<group>";
		};
		2EFFCFD120CC67E2002BBB38 /* fashionApp */ = {
			isa = PBXGroup;
			children = (
				2EFFCFE820CC6877002BBB38 /* View */,
				2EFFCFE720CC686D002BBB38 /* Controllers */,
				2EFFCFE620CC6865002BBB38 /* Model */,
				2EFFCFE520CC685C002BBB38 /* Helper */,
				2EFFCFE420CC6854002BBB38 /* Images */,
				2EFFCFD220CC67E2002BBB38 /* AppDelegate.swift */,
				2EFFCFDB20CC67E2002BBB38 /* LaunchScreen.storyboard */,
				2EFFCFDE20CC67E2002BBB38 /* Info.plist */,
			);
			path = fashionApp;
			sourceTree = "<group>";
		};
		2EFFCFE420CC6854002BBB38 /* Images */ = {
			isa = PBXGroup;
			children = (
				2EFFCFD920CC67E2002BBB38 /* Assets.xcassets */,
			);
			path = Images;
			sourceTree = "<group>";
		};
		2EFFCFE520CC685C002BBB38 /* Helper */ = {
			isa = PBXGroup;
			children = (
			);
			path = Helper;
			sourceTree = "<group>";
		};
		2EFFCFE620CC6865002BBB38 /* Model */ = {
			isa = PBXGroup;
			children = (
			);
			path = Model;
			sourceTree = "<group>";
		};
		2EFFCFE720CC686D002BBB38 /* Controllers */ = {
			isa = PBXGroup;
			children = (
				2EAEDCB320CEF50F00065FDF /* New Group */,
				2EAEDCB220CEF4F900065FDF /* frist */,
			);
			path = Controllers;
			sourceTree = "<group>";
		};
		2EFFCFE820CC6877002BBB38 /* View */ = {
			isa = PBXGroup;
			children = (
				2EFFCFD620CC67E2002BBB38 /* Main.storyboard */,
			);
			path = View;
			sourceTree = "<group>";
		};
/* End PBXGroup section */

/* Begin PBXNativeTarget section */
		2EFFCFCE20CC67E2002BBB38 /* fashionApp */ = {
			isa = PBXNativeTarget;
			buildConfigurationList = 2EFFCFE120CC67E2002BBB38 /* Build configuration list for PBXNativeTarget "fashionApp" */;
			buildPhases = (
				2EFFCFCB20CC67E2002BBB38 /* Sources */,
				2EFFCFCC20CC67E2002BBB38 /* Frameworks */,
				2EFFCFCD20CC67E2002BBB38 /* Resources */,
			);
			buildRules = (
			);
			dependencies = (
			);
			name = fashionApp;
			productName = fashionApp;
			productReference = 2EFFCFCF20CC67E2002BBB38 /* fashionApp.app */;
			productType = "com.apple.product-type.application";
		};
/* End PBXNativeTarget section */

/* Begin PBXProject section */
		2EFFCFC720CC67E2002BBB38 /* Project object */ = {
			isa = PBXProject;
			attributes = {
				LastSwiftUpdateCheck = 0900;
				LastUpgradeCheck = 0900;
				ORGANIZATIONNAME = iMATCH;
				TargetAttributes = {
					2EFFCFCE20CC67E2002BBB38 = {
						CreatedOnToolsVersion = 9.0;
						ProvisioningStyle = Automatic;
					};
				};
			};
			buildConfigurationList = 2EFFCFCA20CC67E2002BBB38 /* Build configuration list for PBXProject "fashionApp" */;
			compatibilityVersion = "Xcode 8.0";
			developmentRegion = en;
			hasScannedForEncodings = 0;
			knownRegions = (
				en,
				Base,
			);
			mainGroup = 2EFFCFC620CC67E2002BBB38;
			productRefGroup = 2EFFCFD020CC67E2002BBB38 /* Products */;
			projectDirPath = "";
			projectRoot = "";
			targets = (
				2EFFCFCE20CC67E2002BBB38 /* fashionApp */,
			);
		};
/* End PBXProject section */

/* Begin PBXResourcesBuildPhase section */
		2EFFCFCD20CC67E2002BBB38 /* Resources */ = {
			isa = PBXResourcesBuildPhase;
			buildActionMask = 2147483647;
			files = (
				2EFFCFDD20CC67E2002BBB38 /* LaunchScreen.storyboard in Resources */,
				2EFFCFDA20CC67E2002BBB38 /* Assets.xcassets in Resources */,
				2EFFCFD820CC67E2002BBB38 /* Main.storyboard in Resources */,
			);
			runOnlyForDeploymentPostprocessing = 0;
		};
/* End PBXResourcesBuildPhase section */

/* Begin PBXSourcesBuildPhase section */
		2EFFCFCB20CC67E2002BBB38 /* Sources */ = {
			isa = PBXSourcesBuildPhase;
			buildActionMask = 2147483647;
			files = (
				2EFFCFD320CC67E2002BBB38 /* AppDelegate.swift in Sources */,
				2EAEDCB120CDDF5700065FDF /* fristViewController.swift in Sources */,
			);
			runOnlyForDeploymentPostprocessing = 0;
		};
/* End PBXSourcesBuildPhase section */

/* Begin PBXVariantGroup section */
		2EFFCFD620CC67E2002BBB38 /* Main.storyboard */ = {
			isa = PBXVariantGroup;
			children = (
				2EFFCFD720CC67E2002BBB38 /* Base */,
			);
			name = Main.storyboard;
			path = ..;
			sourceTree = "<group>";
		};
		2EFFCFDB20CC67E2002BBB38 /* LaunchScreen.storyboard */ = {
			isa = PBXVariantGroup;
			children = (
				2EFFCFDC20CC67E2002BBB38 /* Base */,
			);
			name = LaunchScreen.storyboard;
			sourceTree = "<group>";
		};
/* End PBXVariantGroup section */

/* Begin XCBuildConfiguration section */
		2EFFCFDF20CC67E2002BBB38 /* Debug */ = {
			isa = XCBuildConfiguration;
			buildSettings = {
				ALWAYS_SEARCH_USER_PATHS = NO;
				CLANG_ANALYZER_NONNULL = YES;
				CLANG_ANALYZER_NUMBER_OBJECT_CONVERSION = YES_AGGRESSIVE;
				CLANG_CXX_LANGUAGE_STANDARD = "gnu++14";
				CLANG_CXX_LIBRARY = "libc++";
				CLANG_ENABLE_MODULES = YES;
				CLANG_ENABLE_OBJC_ARC = YES;
				CLANG_WARN_BLOCK_CAPTURE_AUTORELEASING = YES;
				CLANG_WARN_BOOL_CONVERSION = YES;
				CLANG_WARN_COMMA = YES;
				CLANG_WARN_CONSTANT_CONVERSION = YES;
				CLANG_WARN_DIRECT_OBJC_ISA_USAGE = YES_ERROR;
				CLANG_WARN_DOCUMENTATION_COMMENTS = YES;
				CLANG_WARN_EMPTY_BODY = YES;
				CLANG_WARN_ENUM_CONVERSION = YES;
				CLANG_WARN_INFINITE_RECURSION = YES;
				CLANG_WARN_INT_CONVERSION = YES;
				CLANG_WARN_NON_LITERAL_NULL_CONVERSION = YES;
				CLANG_WARN_OBJC_LITERAL_CONVERSION = YES;
				CLANG_WARN_OBJC_ROOT_CLASS = YES_ERROR;
				CLANG_WARN_RANGE_LOOP_ANALYSIS = YES;
				CLANG_WARN_STRICT_PROTOTYPES = YES;
				CLANG_WARN_SUSPICIOUS_MOVE = YES;
				CLANG_WARN_UNGUARDED_AVAILABILITY = YES_AGGRESSIVE;
				CLANG_WARN_UNREACHABLE_CODE = YES;
				CLANG_WARN__DUPLICATE_METHOD_MATCH = YES;
				CODE_SIGN_IDENTITY = "iPhone Developer";
				COPY_PHASE_STRIP = NO;
				DEBUG_INFORMATION_FORMAT = dwarf;
				ENABLE_STRICT_OBJC_MSGSEND = YES;
				ENABLE_TESTABILITY = YES;
				GCC_C_LANGUAGE_STANDARD = gnu11;
				GCC_DYNAMIC_NO_PIC = NO;
				GCC_NO_COMMON_BLOCKS = YES;
				GCC_OPTIMIZATION_LEVEL = 0;
				GCC_PREPROCESSOR_DEFINITIONS = (
					"DEBUG=1",
					"$(inherited)",
				);
				GCC_WARN_64_TO_32_BIT_CONVERSION = YES;
				GCC_WARN_ABOUT_RETURN_TYPE = YES_ERROR;
				GCC_WARN_UNDECLARED_SELECTOR = YES;
				GCC_WARN_UNINITIALIZED_AUTOS = YES_AGGRESSIVE;
				GCC_WARN_UNUSED_FUNCTION = YES;
				GCC_WARN_UNUSED_VARIABLE = YES;
				IPHONEOS_DEPLOYMENT_TARGET = 11.0;
				MTL_ENABLE_DEBUG_INFO = YES;
				ONLY_ACTIVE_ARCH = YES;
				SDKROOT = iphoneos;
				SWIFT_ACTIVE_COMPILATION_CONDITIONS = DEBUG;
				SWIFT_OPTIMIZATION_LEVEL = "-Onone";
			};
			name = Debug;
		};
		2EFFCFE020CC67E2002BBB38 /* Release */ = {
			isa = XCBuildConfiguration;
			buildSettings = {
				ALWAYS_SEARCH_USER_PATHS = NO;
				CLANG_ANALYZER_NONNULL = YES;
				CLANG_ANALYZER_NUMBER_OBJECT_CONVERSION = YES_AGGRESSIVE;
				CLANG_CXX_LANGUAGE_STANDARD = "gnu++14";
				CLANG_CXX_LIBRARY = "libc++";
				CLANG_ENABLE_MODULES = YES;
				CLANG_ENABLE_OBJC_ARC = YES;
				CLANG_WARN_BLOCK_CAPTURE_AUTORELEASING = YES;
				CLANG_WARN_BOOL_CONVERSION = YES;
				CLANG_WARN_COMMA = YES;
				CLANG_WARN_CONSTANT_CONVERSION = YES;
				CLANG_WARN_DIRECT_OBJC_ISA_USAGE = YES_ERROR;
				CLANG_WARN_DOCUMENTATION_COMMENTS = YES;
				CLANG_WARN_EMPTY_BODY = YES;
				CLANG_WARN_ENUM_CONVERSION = YES;
				CLANG_WARN_INFINITE_RECURSION = YES;
				CLANG_WARN_INT_CONVERSION = YES;
				CLANG_WARN_NON_LITERAL_NULL_CONVERSION = YES;
				CLANG_WARN_OBJC_LITERAL_CONVERSION = YES;
				CLANG_WARN_OBJC_ROOT_CLASS = YES_ERROR;
				CLANG_WARN_RANGE_LOOP_ANALYSIS = YES;
				CLANG_WARN_STRICT_PROTOTYPES = YES;
				CLANG_WARN_SUSPICIOUS_MOVE = YES;
				CLANG_WARN_UNGUARDED_AVAILABILITY = YES_AGGRESSIVE;
				CLANG_WARN_UNREACHABLE_CODE = YES;
				CLANG_WARN__DUPLICATE_METHOD_MATCH = YES;
				CODE_SIGN_IDENTITY = "iPhone Developer";
				COPY_PHASE_STRIP = NO;
				DEBUG_INFORMATION_FORMAT = "dwarf-with-dsym";
				ENABLE_NS_ASSERTIONS = NO;
				ENABLE_STRICT_OBJC_MSGSEND = YES;
				GCC_C_LANGUAGE_STANDARD = gnu11;
				GCC_NO_COMMON_BLOCKS = YES;
				GCC_WARN_64_TO_32_BIT_CONVERSION = YES;
				GCC_WARN_ABOUT_RETURN_TYPE = YES_ERROR;
				GCC_WARN_UNDECLARED_SELECTOR = YES;
				GCC_WARN_UNINITIALIZED_AUTOS = YES_AGGRESSIVE;
				GCC_WARN_UNUSED_FUNCTION = YES;
				GCC_WARN_UNUSED_VARIABLE = YES;
				IPHONEOS_DEPLOYMENT_TARGET = 11.0;
				MTL_ENABLE_DEBUG_INFO = NO;
				SDKROOT = iphoneos;
				SWIFT_OPTIMIZATION_LEVEL = "-Owholemodule";
				VALIDATE_PRODUCT = YES;
			};
			name = Release;
		};
		2EFFCFE220CC67E2002BBB38 /* Debug */ = {
			isa = XCBuildConfiguration;
			buildSettings = {
				ASSETCATALOG_COMPILER_APPICON_NAME = AppIcon;
				CODE_SIGN_STYLE = Automatic;
				DEVELOPMENT_TEAM = MA2ZEANVJ6;
				INFOPLIST_FILE = fashionApp/Info.plist;
				LD_RUNPATH_SEARCH_PATHS = "$(inherited) @executable_path/Frameworks";
				PRODUCT_BUNDLE_IDENTIFIER = com.imatcheg.fashionApp.fashionApp;
				PRODUCT_NAME = "$(TARGET_NAME)";
				SWIFT_VERSION = 4.0;
				TARGETED_DEVICE_FAMILY = "1,2";
			};
			name = Debug;
		};
		2EFFCFE320CC67E2002BBB38 /* Release */ = {
			isa = XCBuildConfiguration;
			buildSettings = {
				ASSETCATALOG_COMPILER_APPICON_NAME = AppIcon;
				CODE_SIGN_STYLE = Automatic;
				DEVELOPMENT_TEAM = MA2ZEANVJ6;
				INFOPLIST_FILE = fashionApp/Info.plist;
				LD_RUNPATH_SEARCH_PATHS = "$(inherited) @executable_path/Frameworks";
				PRODUCT_BUNDLE_IDENTIFIER = com.imatcheg.fashionApp.fashionApp;
				PRODUCT_NAME = "$(TARGET_NAME)";
				SWIFT_VERSION = 4.0;
				TARGETED_DEVICE_FAMILY = "1,2";
			};
			name = Release;
		};
/* End XCBuildConfiguration section */

/* Begin XCConfigurationList section */
		2EFFCFCA20CC67E2002BBB38 /* Build configuration list for PBXProject "fashionApp" */ = {
			isa = XCConfigurationList;
			buildConfigurations = (
				2EFFCFDF20CC67E2002BBB38 /* Debug */,
				2EFFCFE020CC67E2002BBB38 /* Release */,
			);
			defaultConfigurationIsVisible = 0;
			defaultConfigurationName = Release;
		};
		2EFFCFE120CC67E2002BBB38 /* Build configuration list for PBXNativeTarget "fashionApp" */ = {
			isa = XCConfigurationList;
			buildConfigurations = (
				2EFFCFE220CC67E2002BBB38 /* Debug */,
				2EFFCFE320CC67E2002BBB38 /* Release */,
			);
			defaultConfigurationIsVisible = 0;
			defaultConfigurationName = Release;
		};
/* End XCConfigurationList section */
	};
	rootObject = 2EFFCFC720CC67E2002BBB38 /* Project object */;
}
